{
  "nodes": {
    "nixpkgs": {
      "locked": {
        "lastModified": 1787814960,
        "narHash": "sha256-4Opnii0iGg8Dk8/rZ2IYh/HCHvg1B+Us5+Qg+Qy5c18=",
        "rev": "c27cdad491a991b11ed731760aa2ef8db0cb0410",
        "type": "tarball",
        "url": "https://releases.nixos.org/nixpkgs/nixpkgs-26.11pre1062790.c27cdad491a9/nixexprs.tar.zst"
      },
      "original": {
        "type": "tarball",
        "url": "https://channels.nixos.org/nixpkgs-unstable/nixexprs.tar.zst"
      }
    },
    "root": {
      "inputs": {
        "nixpkgs": "nixpkgs",
        "zon2nix": "zon2nix"
      }
    },
    "zon2nix": {
      "inputs": {
        "nixpkgs": [
          "nixpkgs"
        ]
      },
      "locked": {
        "lastModified": 1788977680,
        "narHash": "sha256-3vgICcen5N2oAlQrijqJhxn8HEsnXASGPxQLJVYzX0Q=",
        "owner": "jcollie",
        "repo": "zon2nix",
        "rev": "7b9c43312de08e176097b8c8920f0dd1a46982be",
        "type": "github"
      },
      "original": {
        "owner": "jcollie",
        "repo": "zon2nix",
        "type": "github"
      }
    }
  },
  "root": "root",
  "version": 7
}
