{
  "nodes": {
    "nixpkgs": {
      "locked": {
        "lastModified": 1770537093,
        "narHash": "sha256-XV30uo8tXuxdzuV8l3sojmlPRLd/8tpMsOp4lNzLGUo=",
        "rev": "fef9403a3e4d31b0a23f0bacebbec52c248fbb51",
        "type": "tarball",
        "url": "https://releases.nixos.org/nixpkgs/nixpkgs-26.05pre942631.fef9403a3e4d/nixexprs.tar.xz"
      },
      "original": {
        "type": "tarball",
        "url": "https://channels.nixos.org/nixpkgs-unstable/nixexprs.tar.xz"
      }
    },
    "root": {
      "inputs": {
        "nixpkgs": "nixpkgs",
        "zig": "zig"
      }
    },
    "zig": {
      "inputs": {
        "nixpkgs": [
          "nixpkgs"
        ]
      },
      "locked": {
        "lastModified": 1770573648,
        "narHash": "sha256-ZYkW9v9eJUn824JR/JNueSf10S/wZba6XUfAjaF5lSw=",
        "ref": "main",
        "rev": "7689164de1b681b62fc8ec0b10f4f2e35a436dc6",
        "revCount": 1616,
        "type": "git",
        "url": "https://git.ocjtech.us/jeff/zig-overlay.git"
      },
      "original": {
        "ref": "main",
        "type": "git",
        "url": "https://git.ocjtech.us/jeff/zig-overlay.git"
      }
    }
  },
  "root": "root",
  "version": 7
}
