{
  "nodes": {
    "nixpkgs": {
      "locked": {
        "lastModified": 1791191277,
        "narHash": "sha256-R4B+RRYmze9htmPZ8xeF19mchTSH99GdaqanKCW8CF8=",
        "rev": "aa48d347080940b8a2b8d2f48228674e280a3514",
        "type": "tarball",
        "url": "https://releases.nixos.org/nixpkgs/nixpkgs-26.11pre1085827.aa48d3470809/nixexprs.tar.zst"
      },
      "original": {
        "type": "tarball",
        "url": "https://channels.nixos.org/nixpkgs-unstable/nixexprs.tar.zst"
      }
    },
    "root": {
      "inputs": {
        "nixpkgs": "nixpkgs",
        "zon2nix": "zon2nix"
      }
    },
    "zon2nix": {
      "inputs": {
        "nixpkgs": [
          "nixpkgs"
        ]
      },
      "locked": {
        "lastModified": 1791261699,
        "narHash": "sha256-Y1s36Ny116/8wZNgZj8dOez3qJqA/QpnCfaVs2kuNC8=",
        "ref": "main",
        "rev": "5efe627e5901a73a8b707f797d08f2835ab59ac2",
        "revCount": 559,
        "type": "git",
        "url": "https://git.jcollie.dev/jeff/zon2nix.git"
      },
      "original": {
        "ref": "main",
        "type": "git",
        "url": "https://git.jcollie.dev/jeff/zon2nix.git"
      }
    }
  },
  "root": "root",
  "version": 7
}
